
Microsoft Visual Studio Solution File, Format Version 12.00
# Visual Studio 2013
VisualStudioVersion = 12.0.21005.1
MinimumVisualStudioVersion = 10.0.40219.1
Project("{FAE04EC0-301F-11D3-BF4B-00C04F79EFBC}") = "Ninject.Extensions.AppccelerateEventBroker", "Ninject.Extensions.bbvEventBroker\Ninject.Extensions.AppccelerateEventBroker.csproj", "{3A773D43-270F-40C8-B419-044DAA4B5D8A}"
EndProject
Project("{FAE04EC0-301F-11D3-BF4B-00C04F79EFBC}") = "Ninject.Extensions.AppccelerateEventBroker.Test", "Ninject.Extensions.bbvEventBroker.Test\Ninject.Extensions.AppccelerateEventBroker.Test.csproj", "{7D050470-D2A5-4C52-9DE1-44369205D0A0}"
EndProject
Project("{2150E333-8FDC-42A3-9474-1A3956D46DE8}") = ".nuget", ".nuget", "{9533CF8F-AA44-4F0A-A33A-7551AA51927F}"
	ProjectSection(SolutionItems) = preProject
		.nuget\NuGet.Config = .nuget\NuGet.Config
		.nuget\NuGet.exe = .nuget\NuGet.exe
		.nuget\NuGet.targets = .nuget\NuGet.targets
	EndProjectSection
EndProject
Global
	GlobalSection(SolutionConfigurationPlatforms) = preSolution
		AutomatedRelease|Any CPU = AutomatedRelease|Any CPU
		Debug|Any CPU = Debug|Any CPU
		Release|Any CPU = Release|Any CPU
	EndGlobalSection
	GlobalSection(ProjectConfigurationPlatforms) = postSolution
		{3A773D43-270F-40C8-B419-044DAA4B5D8A}.AutomatedRelease|Any CPU.ActiveCfg = Release|Any CPU
		{3A773D43-270F-40C8-B419-044DAA4B5D8A}.AutomatedRelease|Any CPU.Build.0 = Release|Any CPU
		{3A773D43-270F-40C8-B419-044DAA4B5D8A}.Debug|Any CPU.ActiveCfg = Debug|Any CPU
		{3A773D43-270F-40C8-B419-044DAA4B5D8A}.Debug|Any CPU.Build.0 = Debug|Any CPU
		{3A773D43-270F-40C8-B419-044DAA4B5D8A}.Release|Any CPU.ActiveCfg = Release|Any CPU
		{3A773D43-270F-40C8-B419-044DAA4B5D8A}.Release|Any CPU.Build.0 = Release|Any CPU
		{7D050470-D2A5-4C52-9DE1-44369205D0A0}.AutomatedRelease|Any CPU.ActiveCfg = Release|Any CPU
		{7D050470-D2A5-4C52-9DE1-44369205D0A0}.AutomatedRelease|Any CPU.Build.0 = Release|Any CPU
		{7D050470-D2A5-4C52-9DE1-44369205D0A0}.Debug|Any CPU.ActiveCfg = Debug|Any CPU
		{7D050470-D2A5-4C52-9DE1-44369205D0A0}.Debug|Any CPU.Build.0 = Debug|Any CPU
		{7D050470-D2A5-4C52-9DE1-44369205D0A0}.Release|Any CPU.ActiveCfg = Release|Any CPU
		{7D050470-D2A5-4C52-9DE1-44369205D0A0}.Release|Any CPU.Build.0 = Release|Any CPU
	EndGlobalSection
	GlobalSection(SolutionProperties) = preSolution
		HideSolutionNode = FALSE
	EndGlobalSection
EndGlobal
